{
  "lockfileVersion": 1,
  "configVersion": 1,
  "workspaces": {
    "": {
      "name": "@automaticity/learning-core",
      "dependencies": {
        "ts-fsrs": "5.4.1",
      },
    },
  },
  "packages": {
    "ts-fsrs": ["ts-fsrs@5.4.1", "", {}, "sha512-mOp9+oexJexBTkwjg/jQI1aSUQRLIAvbimeKHLSmVdNJPwObugFNKmZkoggH5d6kZ0uaWLboP1Al1DnXAfIb9w=="],
  }
}
